[[package]]
name = "nython"
version = "0.1.1"
description = "Seamless Nim extension modules for Python"
category = "main"
optional = false
python-versions = ">=3.7,<4.0"

[metadata]
lock-version = "1.1"
python-versions = "^3.9"
content-hash = "eea1d5495128b80b0bcbc763f9fec6ce6e2e42ddbcf66d70a8e2b2cda596d48d"

[metadata.files]
nython = [
    {file = "nython-0.1.1-py3-none-any.whl", hash = "sha256:d868ef5769e979f9533c20ec6eb57515e3d7e3862979a531c5637b429c852077"},
    {file = "nython-0.1.1.tar.gz", hash = "sha256:af891253538959f6e4d30f5dbc8463119a70f336d5b3778db21184c21b5038fd"},
]
