# This file is automatically @generated by Poetry 1.6.1 and should not be changed by hand.

[[package]]
name = "nython"
version = "0.1.1"
description = "Seamless Nim extension modules for Python"
optional = false
python-versions = ">=3.7,<4.0"
files = [
    {file = "nython-0.1.1-py3-none-any.whl", hash = "sha256:d868ef5769e979f9533c20ec6eb57515e3d7e3862979a531c5637b429c852077"},
    {file = "nython-0.1.1.tar.gz", hash = "sha256:af891253538959f6e4d30f5dbc8463119a70f336d5b3778db21184c21b5038fd"},
]

[metadata]
lock-version = "2.0"
python-versions = "^3.8"
content-hash = "edadce866eeef8b1ed79a54ec133987c4105d516acfe8882ef74caca99f82ed2"
